// !$*UTF8*$!
{
	archiveVersion = 1;
	classes = {
	};
	objectVersion = 48;
	objects = {

/* Begin PBXBuildFile section */
		E36575231FFD6E3A006E26DC /* AppDelegate.swift in Sources */ = {isa = PBXBuildFile; fileRef = E36575221FFD6E3A006E26DC /* AppDelegate.swift */; };
		E36575251FFD6E3A006E26DC /* ViewController.swift in Sources */ = {isa = PBXBuildFile; fileRef = E36575241FFD6E3A006E26DC /* ViewController.swift */; };
		E36575281FFD6E3A006E26DC /* Main.storyboard in Resources */ = {isa = PBXBuildFile; fileRef = E36575261FFD6E3A006E26DC /* Main.storyboard */; };
		E365752A1FFD6E3A006E26DC /* Assets.xcassets in Resources */ = {isa = PBXBuildFile; fileRef = E36575291FFD6E3A006E26DC /* Assets.xcassets */; };
		E365752D1FFD6E3A006E26DC /* LaunchScreen.storyboard in Resources */ = {isa = PBXBuildFile; fileRef = E365752B1FFD6E3A006E26DC /* LaunchScreen.storyboard */; };
		E36575381FFD6E3B006E26DC /* Medicare_Quality_Helpline_iOSTests.swift in Sources */ = {isa = PBXBuildFile; fileRef = E36575371FFD6E3B006E26DC /* Medicare_Quality_Helpline_iOSTests.swift */; };
		E36575431FFD6E3B006E26DC /* Medicare_Quality_Helpline_iOSUITests.swift in Sources */ = {isa = PBXBuildFile; fileRef = E36575421FFD6E3B006E26DC /* Medicare_Quality_Helpline_iOSUITests.swift */; };
		E3B9905B2005541D0091F75D /* MyCollectionViewCell.swift in Sources */ = {isa = PBXBuildFile; fileRef = E3B9905A2005541D0091F75D /* MyCollectionViewCell.swift */; };
		E5A5D5292007F3330068AA78 /* SQLite.framework in Frameworks */ = {isa = PBXBuildFile; fileRef = E5A5D51C2007F3250068AA78 /* SQLite.framework */; };
		E5A5D52A2007F33A0068AA78 /* SQLite.framework in Frameworks */ = {isa = PBXBuildFile; fileRef = E5A5D51C2007F3250068AA78 /* SQLite.framework */; };
		E5A5D52B2007F33A0068AA78 /* SQLite.framework in Embed Frameworks */ = {isa = PBXBuildFile; fileRef = E5A5D51C2007F3250068AA78 /* SQLite.framework */; settings = {ATTRIBUTES = (CodeSignOnCopy, RemoveHeadersOnCopy, ); }; };
/* End PBXBuildFile section */

/* Begin PBXContainerItemProxy section */
		E36575341FFD6E3B006E26DC /* PBXContainerItemProxy */ = {
			isa = PBXContainerItemProxy;
			containerPortal = E36575171FFD6E3A006E26DC /* Project object */;
			proxyType = 1;
			remoteGlobalIDString = E365751E1FFD6E3A006E26DC;
			remoteInfo = "Medicare Quality Helpline iOS";
		};
		E365753F1FFD6E3B006E26DC /* PBXContainerItemProxy */ = {
			isa = PBXContainerItemProxy;
			containerPortal = E36575171FFD6E3A006E26DC /* Project object */;
			proxyType = 1;
			remoteGlobalIDString = E365751E1FFD6E3A006E26DC;
			remoteInfo = "Medicare Quality Helpline iOS";
		};
		E5A5D51B2007F3250068AA78 /* PBXContainerItemProxy */ = {
			isa = PBXContainerItemProxy;
			containerPortal = E5A5D5112007F3240068AA78 /* SQLite.xcodeproj */;
			proxyType = 2;
			remoteGlobalIDString = EE247AD31C3F04ED00AE3E12;
			remoteInfo = "SQLite iOS";
		};
		E5A5D51D2007F3250068AA78 /* PBXContainerItemProxy */ = {
			isa = PBXContainerItemProxy;
			containerPortal = E5A5D5112007F3240068AA78 /* SQLite.xcodeproj */;
			proxyType = 2;
			remoteGlobalIDString = EE247ADD1C3F04ED00AE3E12;
			remoteInfo = "SQLiteTests iOS";
		};
		E5A5D51F2007F3250068AA78 /* PBXContainerItemProxy */ = {
			isa = PBXContainerItemProxy;
			containerPortal = E5A5D5112007F3240068AA78 /* SQLite.xcodeproj */;
			proxyType = 2;
			remoteGlobalIDString = EE247B3C1C3F3ED000AE3E12;
			remoteInfo = "SQLite Mac";
		};
		E5A5D5212007F3250068AA78 /* PBXContainerItemProxy */ = {
			isa = PBXContainerItemProxy;
			containerPortal = E5A5D5112007F3240068AA78 /* SQLite.xcodeproj */;
			proxyType = 2;
			remoteGlobalIDString = EE247B451C3F3ED000AE3E12;
			remoteInfo = "SQLiteTests Mac";
		};
		E5A5D5232007F3250068AA78 /* PBXContainerItemProxy */ = {
			isa = PBXContainerItemProxy;
			containerPortal = E5A5D5112007F3240068AA78 /* SQLite.xcodeproj */;
			proxyType = 2;
			remoteGlobalIDString = 03A65E5A1C6BB0F50062603F;
			remoteInfo = "SQLite tvOS";
		};
		E5A5D5252007F3250068AA78 /* PBXContainerItemProxy */ = {
			isa = PBXContainerItemProxy;
			containerPortal = E5A5D5112007F3240068AA78 /* SQLite.xcodeproj */;
			proxyType = 2;
			remoteGlobalIDString = 03A65E631C6BB0F60062603F;
			remoteInfo = "SQLiteTests tvOS";
		};
		E5A5D5272007F3250068AA78 /* PBXContainerItemProxy */ = {
			isa = PBXContainerItemProxy;
			containerPortal = E5A5D5112007F3240068AA78 /* SQLite.xcodeproj */;
			proxyType = 2;
			remoteGlobalIDString = A121AC451CA35C79005A31D1;
			remoteInfo = "SQLite watchOS";
		};
		E5A5D52C2007F33A0068AA78 /* PBXContainerItemProxy */ = {
			isa = PBXContainerItemProxy;
			containerPortal = E5A5D5112007F3240068AA78 /* SQLite.xcodeproj */;
			proxyType = 1;
			remoteGlobalIDString = EE247AD21C3F04ED00AE3E12;
			remoteInfo = "SQLite iOS";
		};
/* End PBXContainerItemProxy section */

/* Begin PBXCopyFilesBuildPhase section */
		E5A5D52E2007F33A0068AA78 /* Embed Frameworks */ = {
			isa = PBXCopyFilesBuildPhase;
			buildActionMask = 2147483647;
			dstPath = "";
			dstSubfolderSpec = 10;
			files = (
				E5A5D52B2007F33A0068AA78 /* SQLite.framework in Embed Frameworks */,
			);
			name = "Embed Frameworks";
			runOnlyForDeploymentPostprocessing = 0;
		};
/* End PBXCopyFilesBuildPhase section */

/* Begin PBXFileReference section */
		E365751F1FFD6E3A006E26DC /* Medicare Quality Helpline iOS.app */ = {isa = PBXFileReference; explicitFileType = wrapper.application; includeInIndex = 0; path = "Medicare Quality Helpline iOS.app"; sourceTree = BUILT_PRODUCTS_DIR; };
		E36575221FFD6E3A006E26DC /* AppDelegate.swift */ = {isa = PBXFileReference; lastKnownFileType = sourcecode.swift; path = AppDelegate.swift; sourceTree = "<group>"; };
		E36575241FFD6E3A006E26DC /* ViewController.swift */ = {isa = PBXFileReference; lastKnownFileType = sourcecode.swift; path = ViewController.swift; sourceTree = "<group>"; };
		E36575271FFD6E3A006E26DC /* Base */ = {isa = PBXFileReference; lastKnownFileType = file.storyboard; name = Base; path = Base.lproj/Main.storyboard; sourceTree = "<group>"; };
		E36575291FFD6E3A006E26DC /* Assets.xcassets */ = {isa = PBXFileReference; lastKnownFileType = folder.assetcatalog; path = Assets.xcassets; sourceTree = "<group>"; };
		E365752C1FFD6E3A006E26DC /* Base */ = {isa = PBXFileReference; lastKnownFileType = file.storyboard; name = Base; path = Base.lproj/LaunchScreen.storyboard; sourceTree = "<group>"; };
		E365752E1FFD6E3A006E26DC /* Info.plist */ = {isa = PBXFileReference; lastKnownFileType = text.plist.xml; path = Info.plist; sourceTree = "<group>"; };
		E36575331FFD6E3B006E26DC /* Medicare Quality Helpline iOSTests.xctest */ = {isa = PBXFileReference; explicitFileType = wrapper.cfbundle; includeInIndex = 0; path = "Medicare Quality Helpline iOSTests.xctest"; sourceTree = BUILT_PRODUCTS_DIR; };
		E36575371FFD6E3B006E26DC /* Medicare_Quality_Helpline_iOSTests.swift */ = {isa = PBXFileReference; lastKnownFileType = sourcecode.swift; path = Medicare_Quality_Helpline_iOSTests.swift; sourceTree = "<group>"; };
		E36575391FFD6E3B006E26DC /* Info.plist */ = {isa = PBXFileReference; lastKnownFileType = text.plist.xml; path = Info.plist; sourceTree = "<group>"; };
		E365753E1FFD6E3B006E26DC /* Medicare Quality Helpline iOSUITests.xctest */ = {isa = PBXFileReference; explicitFileType = wrapper.cfbundle; includeInIndex = 0; path = "Medicare Quality Helpline iOSUITests.xctest"; sourceTree = BUILT_PRODUCTS_DIR; };
		E36575421FFD6E3B006E26DC /* Medicare_Quality_Helpline_iOSUITests.swift */ = {isa = PBXFileReference; lastKnownFileType = sourcecode.swift; path = Medicare_Quality_Helpline_iOSUITests.swift; sourceTree = "<group>"; };
		E36575441FFD6E3B006E26DC /* Info.plist */ = {isa = PBXFileReference; lastKnownFileType = text.plist.xml; path = Info.plist; sourceTree = "<group>"; };
		E3B9905620054E4F0091F75D /* Medicare Quality Helpline iOS-Bridging-Header.h */ = {isa = PBXFileReference; lastKnownFileType = sourcecode.c.h; path = "Medicare Quality Helpline iOS-Bridging-Header.h"; sourceTree = "<group>"; };
		E3B9905A2005541D0091F75D /* MyCollectionViewCell.swift */ = {isa = PBXFileReference; lastKnownFileType = sourcecode.swift; path = MyCollectionViewCell.swift; sourceTree = "<group>"; };
		E5A5D5112007F3240068AA78 /* SQLite.xcodeproj */ = {isa = PBXFileReference; lastKnownFileType = "wrapper.pb-project"; name = SQLite.xcodeproj; path = "../../Downloads/SQLite.swift-master/SQLite.xcodeproj"; sourceTree = "<group>"; };
/* End PBXFileReference section */

/* Begin PBXFrameworksBuildPhase section */
		E365751C1FFD6E3A006E26DC /* Frameworks */ = {
			isa = PBXFrameworksBuildPhase;
			buildActionMask = 2147483647;
			files = (
				E5A5D52A2007F33A0068AA78 /* SQLite.framework in Frameworks */,
				E5A5D5292007F3330068AA78 /* SQLite.framework in Frameworks */,
			);
			runOnlyForDeploymentPostprocessing = 0;
		};
		E36575301FFD6E3B006E26DC /* Frameworks */ = {
			isa = PBXFrameworksBuildPhase;
			buildActionMask = 2147483647;
			files = (
			);
			runOnlyForDeploymentPostprocessing = 0;
		};
		E365753B1FFD6E3B006E26DC /* Frameworks */ = {
			isa = PBXFrameworksBuildPhase;
			buildActionMask = 2147483647;
			files = (
			);
			runOnlyForDeploymentPostprocessing = 0;
		};
/* End PBXFrameworksBuildPhase section */

/* Begin PBXGroup section */
		E36575161FFD6E3A006E26DC = {
			isa = PBXGroup;
			children = (
				E36575211FFD6E3A006E26DC /* Medicare Quality Helpline iOS */,
				E36575361FFD6E3B006E26DC /* Medicare Quality Helpline iOSTests */,
				E36575411FFD6E3B006E26DC /* Medicare Quality Helpline iOSUITests */,
				E36575201FFD6E3A006E26DC /* Products */,
				E5A5D5102007F3240068AA78 /* Frameworks */,
			);
			sourceTree = "<group>";
		};
		E36575201FFD6E3A006E26DC /* Products */ = {
			isa = PBXGroup;
			children = (
				E365751F1FFD6E3A006E26DC /* Medicare Quality Helpline iOS.app */,
				E36575331FFD6E3B006E26DC /* Medicare Quality Helpline iOSTests.xctest */,
				E365753E1FFD6E3B006E26DC /* Medicare Quality Helpline iOSUITests.xctest */,
			);
			name = Products;
			sourceTree = "<group>";
		};
		E36575211FFD6E3A006E26DC /* Medicare Quality Helpline iOS */ = {
			isa = PBXGroup;
			children = (
				E36575221FFD6E3A006E26DC /* AppDelegate.swift */,
				E36575241FFD6E3A006E26DC /* ViewController.swift */,
				E36575261FFD6E3A006E26DC /* Main.storyboard */,
				E3B9905A2005541D0091F75D /* MyCollectionViewCell.swift */,
				E36575291FFD6E3A006E26DC /* Assets.xcassets */,
				E365752B1FFD6E3A006E26DC /* LaunchScreen.storyboard */,
				E365752E1FFD6E3A006E26DC /* Info.plist */,
				E3B9905620054E4F0091F75D /* Medicare Quality Helpline iOS-Bridging-Header.h */,
			);
			path = "Medicare Quality Helpline iOS";
			sourceTree = "<group>";
		};
		E36575361FFD6E3B006E26DC /* Medicare Quality Helpline iOSTests */ = {
			isa = PBXGroup;
			children = (
				E36575371FFD6E3B006E26DC /* Medicare_Quality_Helpline_iOSTests.swift */,
				E36575391FFD6E3B006E26DC /* Info.plist */,
			);
			path = "Medicare Quality Helpline iOSTests";
			sourceTree = "<group>";
		};
		E36575411FFD6E3B006E26DC /* Medicare Quality Helpline iOSUITests */ = {
			isa = PBXGroup;
			children = (
				E36575421FFD6E3B006E26DC /* Medicare_Quality_Helpline_iOSUITests.swift */,
				E36575441FFD6E3B006E26DC /* Info.plist */,
			);
			path = "Medicare Quality Helpline iOSUITests";
			sourceTree = "<group>";
		};
		E5A5D5102007F3240068AA78 /* Frameworks */ = {
			isa = PBXGroup;
			children = (
				E5A5D5112007F3240068AA78 /* SQLite.xcodeproj */,
			);
			name = Frameworks;
			sourceTree = "<group>";
		};
		E5A5D5122007F3240068AA78 /* Products */ = {
			isa = PBXGroup;
			children = (
				E5A5D51C2007F3250068AA78 /* SQLite.framework */,
				E5A5D51E2007F3250068AA78 /* SQLiteTests iOS.xctest */,
				E5A5D5202007F3250068AA78 /* SQLite.framework */,
				E5A5D5222007F3250068AA78 /* SQLiteTests Mac.xctest */,
				E5A5D5242007F3250068AA78 /* SQLite.framework */,
				E5A5D5262007F3250068AA78 /* SQLiteTests tvOS.xctest */,
				E5A5D5282007F3250068AA78 /* SQLite.framework */,
			);
			name = Products;
			sourceTree = "<group>";
		};
/* End PBXGroup section */

/* Begin PBXNativeTarget section */
		E365751E1FFD6E3A006E26DC /* Medicare Quality Helpline iOS */ = {
			isa = PBXNativeTarget;
			buildConfigurationList = E36575471FFD6E3B006E26DC /* Build configuration list for PBXNativeTarget "Medicare Quality Helpline iOS" */;
			buildPhases = (
				E365751B1FFD6E3A006E26DC /* Sources */,
				E365751C1FFD6E3A006E26DC /* Frameworks */,
				E365751D1FFD6E3A006E26DC /* Resources */,
				E5A5D52E2007F33A0068AA78 /* Embed Frameworks */,
			);
			buildRules = (
			);
			dependencies = (
				E5A5D52D2007F33A0068AA78 /* PBXTargetDependency */,
			);
			name = "Medicare Quality Helpline iOS";
			productName = "Medicare Quality Helpline iOS";
			productReference = E365751F1FFD6E3A006E26DC /* Medicare Quality Helpline iOS.app */;
			productType = "com.apple.product-type.application";
		};
		E36575321FFD6E3B006E26DC /* Medicare Quality Helpline iOSTests */ = {
			isa = PBXNativeTarget;
			buildConfigurationList = E365754A1FFD6E3B006E26DC /* Build configuration list for PBXNativeTarget "Medicare Quality Helpline iOSTests" */;
			buildPhases = (
				E365752F1FFD6E3B006E26DC /* Sources */,
				E36575301FFD6E3B006E26DC /* Frameworks */,
				E36575311FFD6E3B006E26DC /* Resources */,
			);
			buildRules = (
			);
			dependencies = (
				E36575351FFD6E3B006E26DC /* PBXTargetDependency */,
			);
			name = "Medicare Quality Helpline iOSTests";
			productName = "Medicare Quality Helpline iOSTests";
			productReference = E36575331FFD6E3B006E26DC /* Medicare Quality Helpline iOSTests.xctest */;
			productType = "com.apple.product-type.bundle.unit-test";
		};
		E365753D1FFD6E3B006E26DC /* Medicare Quality Helpline iOSUITests */ = {
			isa = PBXNativeTarget;
			buildConfigurationList = E365754D1FFD6E3B006E26DC /* Build configuration list for PBXNativeTarget "Medicare Quality Helpline iOSUITests" */;
			buildPhases = (
				E365753A1FFD6E3B006E26DC /* Sources */,
				E365753B1FFD6E3B006E26DC /* Frameworks */,
				E365753C1FFD6E3B006E26DC /* Resources */,
			);
			buildRules = (
			);
			dependencies = (
				E36575401FFD6E3B006E26DC /* PBXTargetDependency */,
			);
			name = "Medicare Quality Helpline iOSUITests";
			productName = "Medicare Quality Helpline iOSUITests";
			productReference = E365753E1FFD6E3B006E26DC /* Medicare Quality Helpline iOSUITests.xctest */;
			productType = "com.apple.product-type.bundle.ui-testing";
		};
/* End PBXNativeTarget section */

/* Begin PBXProject section */
		E36575171FFD6E3A006E26DC /* Project object */ = {
			isa = PBXProject;
			attributes = {
				LastSwiftUpdateCheck = 0920;
				LastUpgradeCheck = 0920;
				ORGANIZATIONNAME = "Rayna Qian";
				TargetAttributes = {
					E365751E1FFD6E3A006E26DC = {
						CreatedOnToolsVersion = 9.2;
						LastSwiftMigration = 0920;
						ProvisioningStyle = Automatic;
					};
					E36575321FFD6E3B006E26DC = {
						CreatedOnToolsVersion = 9.2;
						ProvisioningStyle = Automatic;
						TestTargetID = E365751E1FFD6E3A006E26DC;
					};
					E365753D1FFD6E3B006E26DC = {
						CreatedOnToolsVersion = 9.2;
						ProvisioningStyle = Automatic;
						TestTargetID = E365751E1FFD6E3A006E26DC;
					};
				};
			};
			buildConfigurationList = E365751A1FFD6E3A006E26DC /* Build configuration list for PBXProject "Medicare Quality Helpline iOS" */;
			compatibilityVersion = "Xcode 8.0";
			developmentRegion = en;
			hasScannedForEncodings = 0;
			knownRegions = (
				en,
				Base,
			);
			mainGroup = E36575161FFD6E3A006E26DC;
			productRefGroup = E36575201FFD6E3A006E26DC /* Products */;
			projectDirPath = "";
			projectReferences = (
				{
					ProductGroup = E5A5D5122007F3240068AA78 /* Products */;
					ProjectRef = E5A5D5112007F3240068AA78 /* SQLite.xcodeproj */;
				},
			);
			projectRoot = "";
			targets = (
				E365751E1FFD6E3A006E26DC /* Medicare Quality Helpline iOS */,
				E36575321FFD6E3B006E26DC /* Medicare Quality Helpline iOSTests */,
				E365753D1FFD6E3B006E26DC /* Medicare Quality Helpline iOSUITests */,
			);
		};
/* End PBXProject section */

/* Begin PBXReferenceProxy section */
		E5A5D51C2007F3250068AA78 /* SQLite.framework */ = {
			isa = PBXReferenceProxy;
			fileType = wrapper.framework;
			path = SQLite.framework;
			remoteRef = E5A5D51B2007F3250068AA78 /* PBXContainerItemProxy */;
			sourceTree = BUILT_PRODUCTS_DIR;
		};
		E5A5D51E2007F3250068AA78 /* SQLiteTests iOS.xctest */ = {
			isa = PBXReferenceProxy;
			fileType = wrapper.cfbundle;
			path = "SQLiteTests iOS.xctest";
			remoteRef = E5A5D51D2007F3250068AA78 /* PBXContainerItemProxy */;
			sourceTree = BUILT_PRODUCTS_DIR;
		};
		E5A5D5202007F3250068AA78 /* SQLite.framework */ = {
			isa = PBXReferenceProxy;
			fileType = wrapper.framework;
			path = SQLite.framework;
			remoteRef = E5A5D51F2007F3250068AA78 /* PBXContainerItemProxy */;
			sourceTree = BUILT_PRODUCTS_DIR;
		};
		E5A5D5222007F3250068AA78 /* SQLiteTests Mac.xctest */ = {
			isa = PBXReferenceProxy;
			fileType = wrapper.cfbundle;
			path = "SQLiteTests Mac.xctest";
			remoteRef = E5A5D5212007F3250068AA78 /* PBXContainerItemProxy */;
			sourceTree = BUILT_PRODUCTS_DIR;
		};
		E5A5D5242007F3250068AA78 /* SQLite.framework */ = {
			isa = PBXReferenceProxy;
			fileType = wrapper.framework;
			path = SQLite.framework;
			remoteRef = E5A5D5232007F3250068AA78 /* PBXContainerItemProxy */;
			sourceTree = BUILT_PRODUCTS_DIR;
		};
		E5A5D5262007F3250068AA78 /* SQLiteTests tvOS.xctest */ = {
			isa = PBXReferenceProxy;
			fileType = wrapper.cfbundle;
			path = "SQLiteTests tvOS.xctest";
			remoteRef = E5A5D5252007F3250068AA78 /* PBXContainerItemProxy */;
			sourceTree = BUILT_PRODUCTS_DIR;
		};
		E5A5D5282007F3250068AA78 /* SQLite.framework */ = {
			isa = PBXReferenceProxy;
			fileType = wrapper.framework;
			path = SQLite.framework;
			remoteRef = E5A5D5272007F3250068AA78 /* PBXContainerItemProxy */;
			sourceTree = BUILT_PRODUCTS_DIR;
		};
/* End PBXReferenceProxy section */

/* Begin PBXResourcesBuildPhase section */
		E365751D1FFD6E3A006E26DC /* Resources */ = {
			isa = PBXResourcesBuildPhase;
			buildActionMask = 2147483647;
			files = (
				E365752D1FFD6E3A006E26DC /* LaunchScreen.storyboard in Resources */,
				E365752A1FFD6E3A006E26DC /* Assets.xcassets in Resources */,
				E36575281FFD6E3A006E26DC /* Main.storyboard in Resources */,
			);
			runOnlyForDeploymentPostprocessing = 0;
		};
		E36575311FFD6E3B006E26DC /* Resources */ = {
			isa = PBXResourcesBuildPhase;
			buildActionMask = 2147483647;
			files = (
			);
			runOnlyForDeploymentPostprocessing = 0;
		};
		E365753C1FFD6E3B006E26DC /* Resources */ = {
			isa = PBXResourcesBuildPhase;
			buildActionMask = 2147483647;
			files = (
			);
			runOnlyForDeploymentPostprocessing = 0;
		};
/* End PBXResourcesBuildPhase section */

/* Begin PBXSourcesBuildPhase section */
		E365751B1FFD6E3A006E26DC /* Sources */ = {
			isa = PBXSourcesBuildPhase;
			buildActionMask = 2147483647;
			files = (
				E36575251FFD6E3A006E26DC /* ViewController.swift in Sources */,
				E36575231FFD6E3A006E26DC /* AppDelegate.swift in Sources */,
				E3B9905B2005541D0091F75D /* MyCollectionViewCell.swift in Sources */,
			);
			runOnlyForDeploymentPostprocessing = 0;
		};
		E365752F1FFD6E3B006E26DC /* Sources */ = {
			isa = PBXSourcesBuildPhase;
			buildActionMask = 2147483647;
			files = (
				E36575381FFD6E3B006E26DC /* Medicare_Quality_Helpline_iOSTests.swift in Sources */,
			);
			runOnlyForDeploymentPostprocessing = 0;
		};
		E365753A1FFD6E3B006E26DC /* Sources */ = {
			isa = PBXSourcesBuildPhase;
			buildActionMask = 2147483647;
			files = (
				E36575431FFD6E3B006E26DC /* Medicare_Quality_Helpline_iOSUITests.swift in Sources */,
			);
			runOnlyForDeploymentPostprocessing = 0;
		};
/* End PBXSourcesBuildPhase section */

/* Begin PBXTargetDependency section */
		E36575351FFD6E3B006E26DC /* PBXTargetDependency */ = {
			isa = PBXTargetDependency;
			target = E365751E1FFD6E3A006E26DC /* Medicare Quality Helpline iOS */;
			targetProxy = E36575341FFD6E3B006E26DC /* PBXContainerItemProxy */;
		};
		E36575401FFD6E3B006E26DC /* PBXTargetDependency */ = {
			isa = PBXTargetDependency;
			target = E365751E1FFD6E3A006E26DC /* Medicare Quality Helpline iOS */;
			targetProxy = E365753F1FFD6E3B006E26DC /* PBXContainerItemProxy */;
		};
		E5A5D52D2007F33A0068AA78 /* PBXTargetDependency */ = {
			isa = PBXTargetDependency;
			name = "SQLite iOS";
			targetProxy = E5A5D52C2007F33A0068AA78 /* PBXContainerItemProxy */;
		};
/* End PBXTargetDependency section */

/* Begin PBXVariantGroup section */
		E36575261FFD6E3A006E26DC /* Main.storyboard */ = {
			isa = PBXVariantGroup;
			children = (
				E36575271FFD6E3A006E26DC /* Base */,
			);
			name = Main.storyboard;
			sourceTree = "<group>";
		};
		E365752B1FFD6E3A006E26DC /* LaunchScreen.storyboard */ = {
			isa = PBXVariantGroup;
			children = (
				E365752C1FFD6E3A006E26DC /* Base */,
			);
			name = LaunchScreen.storyboard;
			sourceTree = "<group>";
		};
/* End PBXVariantGroup section */

/* Begin XCBuildConfiguration section */
		E36575451FFD6E3B006E26DC /* Debug */ = {
			isa = XCBuildConfiguration;
			buildSettings = {
				ALWAYS_SEARCH_USER_PATHS = NO;
				CLANG_ANALYZER_NONNULL = YES;
				CLANG_ANALYZER_NUMBER_OBJECT_CONVERSION = YES_AGGRESSIVE;
				CLANG_CXX_LANGUAGE_STANDARD = "gnu++14";
				CLANG_CXX_LIBRARY = "libc++";
				CLANG_ENABLE_MODULES = YES;
				CLANG_ENABLE_OBJC_ARC = YES;
				CLANG_WARN_BLOCK_CAPTURE_AUTORELEASING = YES;
				CLANG_WARN_BOOL_CONVERSION = YES;
				CLANG_WARN_COMMA = YES;
				CLANG_WARN_CONSTANT_CONVERSION = YES;
				CLANG_WARN_DIRECT_OBJC_ISA_USAGE = YES_ERROR;
				CLANG_WARN_DOCUMENTATION_COMMENTS = YES;
				CLANG_WARN_EMPTY_BODY = YES;
				CLANG_WARN_ENUM_CONVERSION = YES;
				CLANG_WARN_INFINITE_RECURSION = YES;
				CLANG_WARN_INT_CONVERSION = YES;
				CLANG_WARN_NON_LITERAL_NULL_CONVERSION = YES;
				CLANG_WARN_OBJC_LITERAL_CONVERSION = YES;
				CLANG_WARN_OBJC_ROOT_CLASS = YES_ERROR;
				CLANG_WARN_RANGE_LOOP_ANALYSIS = YES;
				CLANG_WARN_STRICT_PROTOTYPES = YES;
				CLANG_WARN_SUSPICIOUS_MOVE = YES;
				CLANG_WARN_UNGUARDED_AVAILABILITY = YES_AGGRESSIVE;
				CLANG_WARN_UNREACHABLE_CODE = YES;
				CLANG_WARN__DUPLICATE_METHOD_MATCH = YES;
				CODE_SIGN_IDENTITY = "iPhone Developer";
				COPY_PHASE_STRIP = NO;
				DEBUG_INFORMATION_FORMAT = dwarf;
				ENABLE_STRICT_OBJC_MSGSEND = YES;
				ENABLE_TESTABILITY = YES;
				GCC_C_LANGUAGE_STANDARD = gnu11;
				GCC_DYNAMIC_NO_PIC = NO;
				GCC_NO_COMMON_BLOCKS = YES;
				GCC_OPTIMIZATION_LEVEL = 0;
				GCC_PREPROCESSOR_DEFINITIONS = (
					"DEBUG=1",
					"$(inherited)",
				);
				GCC_WARN_64_TO_32_BIT_CONVERSION = YES;
				GCC_WARN_ABOUT_RETURN_TYPE = YES_ERROR;
				GCC_WARN_UNDECLARED_SELECTOR = YES;
				GCC_WARN_UNINITIALIZED_AUTOS = YES_AGGRESSIVE;
				GCC_WARN_UNUSED_FUNCTION = YES;
				GCC_WARN_UNUSED_VARIABLE = YES;
				IPHONEOS_DEPLOYMENT_TARGET = 11.2;
				MTL_ENABLE_DEBUG_INFO = YES;
				ONLY_ACTIVE_ARCH = YES;
				SDKROOT = iphoneos;
				SWIFT_ACTIVE_COMPILATION_CONDITIONS = DEBUG;
				SWIFT_OPTIMIZATION_LEVEL = "-Onone";
			};
			name = Debug;
		};
		E36575461FFD6E3B006E26DC /* Release */ = {
			isa = XCBuildConfiguration;
			buildSettings = {
				ALWAYS_SEARCH_USER_PATHS = NO;
				CLANG_ANALYZER_NONNULL = YES;
				CLANG_ANALYZER_NUMBER_OBJECT_CONVERSION = YES_AGGRESSIVE;
				CLANG_CXX_LANGUAGE_STANDARD = "gnu++14";
				CLANG_CXX_LIBRARY = "libc++";
				CLANG_ENABLE_MODULES = YES;
				CLANG_ENABLE_OBJC_ARC = YES;
				CLANG_WARN_BLOCK_CAPTURE_AUTORELEASING = YES;
				CLANG_WARN_BOOL_CONVERSION = YES;
				CLANG_WARN_COMMA = YES;
				CLANG_WARN_CONSTANT_CONVERSION = YES;
				CLANG_WARN_DIRECT_OBJC_ISA_USAGE = YES_ERROR;
				CLANG_WARN_DOCUMENTATION_COMMENTS = YES;
				CLANG_WARN_EMPTY_BODY = YES;
				CLANG_WARN_ENUM_CONVERSION = YES;
				CLANG_WARN_INFINITE_RECURSION = YES;
				CLANG_WARN_INT_CONVERSION = YES;
				CLANG_WARN_NON_LITERAL_NULL_CONVERSION = YES;
				CLANG_WARN_OBJC_LITERAL_CONVERSION = YES;
				CLANG_WARN_OBJC_ROOT_CLASS = YES_ERROR;
				CLANG_WARN_RANGE_LOOP_ANALYSIS = YES;
				CLANG_WARN_STRICT_PROTOTYPES = YES;
				CLANG_WARN_SUSPICIOUS_MOVE = YES;
				CLANG_WARN_UNGUARDED_AVAILABILITY = YES_AGGRESSIVE;
				CLANG_WARN_UNREACHABLE_CODE = YES;
				CLANG_WARN__DUPLICATE_METHOD_MATCH = YES;
				CODE_SIGN_IDENTITY = "iPhone Developer";
				COPY_PHASE_STRIP = NO;
				DEBUG_INFORMATION_FORMAT = "dwarf-with-dsym";
				ENABLE_NS_ASSERTIONS = NO;
				ENABLE_STRICT_OBJC_MSGSEND = YES;
				GCC_C_LANGUAGE_STANDARD = gnu11;
				GCC_NO_COMMON_BLOCKS = YES;
				GCC_WARN_64_TO_32_BIT_CONVERSION = YES;
				GCC_WARN_ABOUT_RETURN_TYPE = YES_ERROR;
				GCC_WARN_UNDECLARED_SELECTOR = YES;
				GCC_WARN_UNINITIALIZED_AUTOS = YES_AGGRESSIVE;
				GCC_WARN_UNUSED_FUNCTION = YES;
				GCC_WARN_UNUSED_VARIABLE = YES;
				IPHONEOS_DEPLOYMENT_TARGET = 11.2;
				MTL_ENABLE_DEBUG_INFO = NO;
				SDKROOT = iphoneos;
				SWIFT_OPTIMIZATION_LEVEL = "-Owholemodule";
				VALIDATE_PRODUCT = YES;
			};
			name = Release;
		};
		E36575481FFD6E3B006E26DC /* Debug */ = {
			isa = XCBuildConfiguration;
			buildSettings = {
				ALWAYS_EMBED_SWIFT_STANDARD_LIBRARIES = YES;
				ASSETCATALOG_COMPILER_APPICON_NAME = AppIcon;
				CLANG_ENABLE_MODULES = YES;
				CODE_SIGN_STYLE = Automatic;
				DEVELOPMENT_TEAM = 946NQBG6C8;
				INFOPLIST_FILE = "Medicare Quality Helpline iOS/Info.plist";
				IPHONEOS_DEPLOYMENT_TARGET = 10.0;
				LD_RUNPATH_SEARCH_PATHS = "$(inherited) @executable_path/Frameworks";
				PRODUCT_BUNDLE_IDENTIFIER = "livanta.Medicare-Quality-Helpline-iOS";
				PRODUCT_NAME = "$(TARGET_NAME)";
				SWIFT_OBJC_BRIDGING_HEADER = "Medicare Quality Helpline iOS/Medicare Quality Helpline iOS-Bridging-Header.h";
				SWIFT_OPTIMIZATION_LEVEL = "-Onone";
				SWIFT_VERSION = 4.0;
				TARGETED_DEVICE_FAMILY = "1,2";
			};
			name = Debug;
		};
		E36575491FFD6E3B006E26DC /* Release */ = {
			isa = XCBuildConfiguration;
			buildSettings = {
				ALWAYS_EMBED_SWIFT_STANDARD_LIBRARIES = YES;
				ASSETCATALOG_COMPILER_APPICON_NAME = AppIcon;
				CLANG_ENABLE_MODULES = YES;
				CODE_SIGN_STYLE = Automatic;
				DEVELOPMENT_TEAM = 946NQBG6C8;
				INFOPLIST_FILE = "Medicare Quality Helpline iOS/Info.plist";
				IPHONEOS_DEPLOYMENT_TARGET = 10.0;
				LD_RUNPATH_SEARCH_PATHS = "$(inherited) @executable_path/Frameworks";
				PRODUCT_BUNDLE_IDENTIFIER = "livanta.Medicare-Quality-Helpline-iOS";
				PRODUCT_NAME = "$(TARGET_NAME)";
				SWIFT_OBJC_BRIDGING_HEADER = "Medicare Quality Helpline iOS/Medicare Quality Helpline iOS-Bridging-Header.h";
				SWIFT_VERSION = 4.0;
				TARGETED_DEVICE_FAMILY = "1,2";
			};
			name = Release;
		};
		E365754B1FFD6E3B006E26DC /* Debug */ = {
			isa = XCBuildConfiguration;
			buildSettings = {
				ALWAYS_EMBED_SWIFT_STANDARD_LIBRARIES = YES;
				BUNDLE_LOADER = "$(TEST_HOST)";
				CODE_SIGN_STYLE = Automatic;
				INFOPLIST_FILE = "Medicare Quality Helpline iOSTests/Info.plist";
				LD_RUNPATH_SEARCH_PATHS = "$(inherited) @executable_path/Frameworks @loader_path/Frameworks";
				PRODUCT_BUNDLE_IDENTIFIER = "livanta.Medicare-Quality-Helpline-iOSTests";
				PRODUCT_NAME = "$(TARGET_NAME)";
				SWIFT_VERSION = 4.0;
				TARGETED_DEVICE_FAMILY = "1,2";
				TEST_HOST = "$(BUILT_PRODUCTS_DIR)/Medicare Quality Helpline iOS.app/Medicare Quality Helpline iOS";
			};
			name = Debug;
		};
		E365754C1FFD6E3B006E26DC /* Release */ = {
			isa = XCBuildConfiguration;
			buildSettings = {
				ALWAYS_EMBED_SWIFT_STANDARD_LIBRARIES = YES;
				BUNDLE_LOADER = "$(TEST_HOST)";
				CODE_SIGN_STYLE = Automatic;
				INFOPLIST_FILE = "Medicare Quality Helpline iOSTests/Info.plist";
				LD_RUNPATH_SEARCH_PATHS = "$(inherited) @executable_path/Frameworks @loader_path/Frameworks";
				PRODUCT_BUNDLE_IDENTIFIER = "livanta.Medicare-Quality-Helpline-iOSTests";
				PRODUCT_NAME = "$(TARGET_NAME)";
				SWIFT_VERSION = 4.0;
				TARGETED_DEVICE_FAMILY = "1,2";
				TEST_HOST = "$(BUILT_PRODUCTS_DIR)/Medicare Quality Helpline iOS.app/Medicare Quality Helpline iOS";
			};
			name = Release;
		};
		E365754E1FFD6E3B006E26DC /* Debug */ = {
			isa = XCBuildConfiguration;
			buildSettings = {
				ALWAYS_EMBED_SWIFT_STANDARD_LIBRARIES = YES;
				CODE_SIGN_STYLE = Automatic;
				INFOPLIST_FILE = "Medicare Quality Helpline iOSUITests/Info.plist";
				LD_RUNPATH_SEARCH_PATHS = "$(inherited) @executable_path/Frameworks @loader_path/Frameworks";
				PRODUCT_BUNDLE_IDENTIFIER = "livanta.Medicare-Quality-Helpline-iOSUITests";
				PRODUCT_NAME = "$(TARGET_NAME)";
				SWIFT_VERSION = 4.0;
				TARGETED_DEVICE_FAMILY = "1,2";
				TEST_TARGET_NAME = "Medicare Quality Helpline iOS";
			};
			name = Debug;
		};
		E365754F1FFD6E3B006E26DC /* Release */ = {
			isa = XCBuildConfiguration;
			buildSettings = {
				ALWAYS_EMBED_SWIFT_STANDARD_LIBRARIES = YES;
				CODE_SIGN_STYLE = Automatic;
				INFOPLIST_FILE = "Medicare Quality Helpline iOSUITests/Info.plist";
				LD_RUNPATH_SEARCH_PATHS = "$(inherited) @executable_path/Frameworks @loader_path/Frameworks";
				PRODUCT_BUNDLE_IDENTIFIER = "livanta.Medicare-Quality-Helpline-iOSUITests";
				PRODUCT_NAME = "$(TARGET_NAME)";
				SWIFT_VERSION = 4.0;
				TARGETED_DEVICE_FAMILY = "1,2";
				TEST_TARGET_NAME = "Medicare Quality Helpline iOS";
			};
			name = Release;
		};
/* End XCBuildConfiguration section */

/* Begin XCConfigurationList section */
		E365751A1FFD6E3A006E26DC /* Build configuration list for PBXProject "Medicare Quality Helpline iOS" */ = {
			isa = XCConfigurationList;
			buildConfigurations = (
				E36575451FFD6E3B006E26DC /* Debug */,
				E36575461FFD6E3B006E26DC /* Release */,
			);
			defaultConfigurationIsVisible = 0;
			defaultConfigurationName = Release;
		};
		E36575471FFD6E3B006E26DC /* Build configuration list for PBXNativeTarget "Medicare Quality Helpline iOS" */ = {
			isa = XCConfigurationList;
			buildConfigurations = (
				E36575481FFD6E3B006E26DC /* Debug */,
				E36575491FFD6E3B006E26DC /* Release */,
			);
			defaultConfigurationIsVisible = 0;
			defaultConfigurationName = Release;
		};
		E365754A1FFD6E3B006E26DC /* Build configuration list for PBXNativeTarget "Medicare Quality Helpline iOSTests" */ = {
			isa = XCConfigurationList;
			buildConfigurations = (
				E365754B1FFD6E3B006E26DC /* Debug */,
				E365754C1FFD6E3B006E26DC /* Release */,
			);
			defaultConfigurationIsVisible = 0;
			defaultConfigurationName = Release;
		};
		E365754D1FFD6E3B006E26DC /* Build configuration list for PBXNativeTarget "Medicare Quality Helpline iOSUITests" */ = {
			isa = XCConfigurationList;
			buildConfigurations = (
				E365754E1FFD6E3B006E26DC /* Debug */,
				E365754F1FFD6E3B006E26DC /* Release */,
			);
			defaultConfigurationIsVisible = 0;
			defaultConfigurationName = Release;
		};
/* End XCConfigurationList section */
	};
	rootObject = E36575171FFD6E3A006E26DC /* Project object */;
}
